
Microsoft Visual Studio Solution File, Format Version 12.00
# Visual Studio Version 16
VisualStudioVersion = 16.0.34931.43
MinimumVisualStudioVersion = 10.0.40219.1
Project("{FAE04EC0-301F-11D3-BF4B-00C04F79EFBC}") = "TestApp", "TestApp\TestApp.csproj", "{43E494BC-11E9-4EE3-9135-B676575D5CE6}"
EndProject
Global
	GlobalSection(SolutionConfigurationPlatforms) = preSolution
		Debug|Any CPU = Debug|Any CPU
		Release|Any CPU = Release|Any CPU
	EndGlobalSection
	GlobalSection(ProjectConfigurationPlatforms) = postSolution
		{43E494BC-11E9-4EE3-9135-B676575D5CE6}.Debug|Any CPU.ActiveCfg = Debug|Any CPU
		{43E494BC-11E9-4EE3-9135-B676575D5CE6}.Debug|Any CPU.Build.0 = Debug|Any CPU
		{43E494BC-11E9-4EE3-9135-B676575D5CE6}.Release|Any CPU.ActiveCfg = Release|Any CPU
		{43E494BC-11E9-4EE3-9135-B676575D5CE6}.Release|Any CPU.Build.0 = Release|Any CPU
	EndGlobalSection
	GlobalSection(SolutionProperties) = preSolution
		HideSolutionNode = FALSE
	EndGlobalSection
	GlobalSection(ExtensibilityGlobals) = postSolution
		SolutionGuid = {7B5416AE-06B9-4F3E-9D2F-F52A80B23C1B}
	EndGlobalSection
EndGlobal
